{
  "name": "factorio-recipe-test",
  "version": "1.0.0",
  "lockfileVersion": 1,
  "requires": true,
  "dependencies": {
    "factorio-blueprint-reader": {
      "version": "0.0.4",
      "resolved": "https://registry.npmjs.org/factorio-blueprint-reader/-/factorio-blueprint-reader-0.0.4.tgz",
      "integrity": "sha512-jlW2ee2x97B1Z1Be2hIG14hH8VLvIShsmWipeQnk+3f9CcY0AByu5XkhgNIhJAFkdX4xuIjTEbsB1Q0+1CFa7w=="
    }
  }
}
